
Microsoft Visual Studio Solution File, Format Version 12.00
# Visual Studio Version 16
VisualStudioVersion = 16.0.32630.194
MinimumVisualStudioVersion = 10.0.40219.1
Project("{FAE04EC0-301F-11D3-BF4B-00C04F79EFBC}") = "MatcGame", "MatcGame\MatcGame.csproj", "{BE5CDFA3-9D3C-49B0-8BEA-DF61E9CBAA2D}"
EndProject
Global
	GlobalSection(SolutionConfigurationPlatforms) = preSolution
		Debug|Any CPU = Debug|Any CPU
		Release|Any CPU = Release|Any CPU
	EndGlobalSection
	GlobalSection(ProjectConfigurationPlatforms) = postSolution
		{BE5CDFA3-9D3C-49B0-8BEA-DF61E9CBAA2D}.Debug|Any CPU.ActiveCfg = Debug|Any CPU
		{BE5CDFA3-9D3C-49B0-8BEA-DF61E9CBAA2D}.Debug|Any CPU.Build.0 = Debug|Any CPU
		{BE5CDFA3-9D3C-49B0-8BEA-DF61E9CBAA2D}.Release|Any CPU.ActiveCfg = Release|Any CPU
		{BE5CDFA3-9D3C-49B0-8BEA-DF61E9CBAA2D}.Release|Any CPU.Build.0 = Release|Any CPU
	EndGlobalSection
	GlobalSection(SolutionProperties) = preSolution
		HideSolutionNode = FALSE
	EndGlobalSection
	GlobalSection(ExtensibilityGlobals) = postSolution
		SolutionGuid = {75852EE3-F910-40BA-AFBA-0B257D8A61AB}
	EndGlobalSection
EndGlobal
